
Microsoft Visual Studio Solution File, Format Version 12.00
# Visual Studio 15
VisualStudioVersion = 15.0.27428.2043
MinimumVisualStudioVersion = 10.0.40219.1
Project("{FAE04EC0-301F-11D3-BF4B-00C04F79EFBC}") = "Presentation", "Presentation\Presentation.csproj", "{AA36F4D1-C60F-4A3B-8D06-AF31B996796F}"
EndProject
Project("{FAE04EC0-301F-11D3-BF4B-00C04F79EFBC}") = "Infrastructure", "Infrastructure\Infrastructure.csproj", "{E9DF49AA-A873-403F-98FD-D7219654A66E}"
EndProject
Project("{FAE04EC0-301F-11D3-BF4B-00C04F79EFBC}") = "Ultilities", "Ultilities\Ultilities.csproj", "{AFC80BD0-A89A-4EB9-B449-719E06F82DBF}"
EndProject
Project("{FAE04EC0-301F-11D3-BF4B-00C04F79EFBC}") = "Data", "Data\Data.csproj", "{02BE472B-A3F0-4F06-86FA-15B13FAE7AB7}"
EndProject
Project("{FAE04EC0-301F-11D3-BF4B-00C04F79EFBC}") = "Data.EF", "Data.EF\Data.EF.csproj", "{6F466C27-D5F0-43C2-90C5-A879034168E2}"
EndProject
Project("{FAE04EC0-301F-11D3-BF4B-00C04F79EFBC}") = "Application", "Application\Application.csproj", "{78AB0FC5-24EB-4B2D-9123-7B016E742CB5}"
EndProject
Project("{2150E333-8FDC-42A3-9474-1A3956D46DE8}") = "WEB", "WEB", "{B8AE3B3E-5219-48FF-8B39-52F9F502B343}"
EndProject
Project("{2150E333-8FDC-42A3-9474-1A3956D46DE8}") = "SERVICE", "SERVICE", "{3492DFCC-1C8A-446E-B76A-0116C1C8D356}"
EndProject
Project("{2150E333-8FDC-42A3-9474-1A3956D46DE8}") = "DOMAIN", "DOMAIN", "{CE19A8FF-2743-48C0-8814-D59582E5D9F3}"
EndProject
Project("{2150E333-8FDC-42A3-9474-1A3956D46DE8}") = "INFRA", "INFRA", "{EF705AAB-9349-4402-A185-87C38775EC00}"
EndProject
Global
	GlobalSection(SolutionConfigurationPlatforms) = preSolution
		Debug|Any CPU = Debug|Any CPU
		Release|Any CPU = Release|Any CPU
	EndGlobalSection
	GlobalSection(ProjectConfigurationPlatforms) = postSolution
		{AA36F4D1-C60F-4A3B-8D06-AF31B996796F}.Debug|Any CPU.ActiveCfg = Debug|Any CPU
		{AA36F4D1-C60F-4A3B-8D06-AF31B996796F}.Debug|Any CPU.Build.0 = Debug|Any CPU
		{AA36F4D1-C60F-4A3B-8D06-AF31B996796F}.Release|Any CPU.ActiveCfg = Release|Any CPU
		{AA36F4D1-C60F-4A3B-8D06-AF31B996796F}.Release|Any CPU.Build.0 = Release|Any CPU
		{E9DF49AA-A873-403F-98FD-D7219654A66E}.Debug|Any CPU.ActiveCfg = Debug|Any CPU
		{E9DF49AA-A873-403F-98FD-D7219654A66E}.Debug|Any CPU.Build.0 = Debug|Any CPU
		{E9DF49AA-A873-403F-98FD-D7219654A66E}.Release|Any CPU.ActiveCfg = Release|Any CPU
		{E9DF49AA-A873-403F-98FD-D7219654A66E}.Release|Any CPU.Build.0 = Release|Any CPU
		{AFC80BD0-A89A-4EB9-B449-719E06F82DBF}.Debug|Any CPU.ActiveCfg = Debug|Any CPU
		{AFC80BD0-A89A-4EB9-B449-719E06F82DBF}.Debug|Any CPU.Build.0 = Debug|Any CPU
		{AFC80BD0-A89A-4EB9-B449-719E06F82DBF}.Release|Any CPU.ActiveCfg = Release|Any CPU
		{AFC80BD0-A89A-4EB9-B449-719E06F82DBF}.Release|Any CPU.Build.0 = Release|Any CPU
		{02BE472B-A3F0-4F06-86FA-15B13FAE7AB7}.Debug|Any CPU.ActiveCfg = Debug|Any CPU
		{02BE472B-A3F0-4F06-86FA-15B13FAE7AB7}.Debug|Any CPU.Build.0 = Debug|Any CPU
		{02BE472B-A3F0-4F06-86FA-15B13FAE7AB7}.Release|Any CPU.ActiveCfg = Release|Any CPU
		{02BE472B-A3F0-4F06-86FA-15B13FAE7AB7}.Release|Any CPU.Build.0 = Release|Any CPU
		{6F466C27-D5F0-43C2-90C5-A879034168E2}.Debug|Any CPU.ActiveCfg = Debug|Any CPU
		{6F466C27-D5F0-43C2-90C5-A879034168E2}.Debug|Any CPU.Build.0 = Debug|Any CPU
		{6F466C27-D5F0-43C2-90C5-A879034168E2}.Release|Any CPU.ActiveCfg = Release|Any CPU
		{6F466C27-D5F0-43C2-90C5-A879034168E2}.Release|Any CPU.Build.0 = Release|Any CPU
		{78AB0FC5-24EB-4B2D-9123-7B016E742CB5}.Debug|Any CPU.ActiveCfg = Debug|Any CPU
		{78AB0FC5-24EB-4B2D-9123-7B016E742CB5}.Debug|Any CPU.Build.0 = Debug|Any CPU
		{78AB0FC5-24EB-4B2D-9123-7B016E742CB5}.Release|Any CPU.ActiveCfg = Release|Any CPU
		{78AB0FC5-24EB-4B2D-9123-7B016E742CB5}.Release|Any CPU.Build.0 = Release|Any CPU
	EndGlobalSection
	GlobalSection(SolutionProperties) = preSolution
		HideSolutionNode = FALSE
	EndGlobalSection
	GlobalSection(NestedProjects) = preSolution
		{AA36F4D1-C60F-4A3B-8D06-AF31B996796F} = {B8AE3B3E-5219-48FF-8B39-52F9F502B343}
		{E9DF49AA-A873-403F-98FD-D7219654A66E} = {EF705AAB-9349-4402-A185-87C38775EC00}
		{AFC80BD0-A89A-4EB9-B449-719E06F82DBF} = {EF705AAB-9349-4402-A185-87C38775EC00}
		{02BE472B-A3F0-4F06-86FA-15B13FAE7AB7} = {CE19A8FF-2743-48C0-8814-D59582E5D9F3}
		{6F466C27-D5F0-43C2-90C5-A879034168E2} = {CE19A8FF-2743-48C0-8814-D59582E5D9F3}
		{78AB0FC5-24EB-4B2D-9123-7B016E742CB5} = {3492DFCC-1C8A-446E-B76A-0116C1C8D356}
	EndGlobalSection
	GlobalSection(ExtensibilityGlobals) = postSolution
		SolutionGuid = {7CD2E238-C781-4447-9D6A-AA73D159DA4D}
	EndGlobalSection
EndGlobal
